
Microsoft Visual Studio Solution File, Format Version 12.00
# Visual Studio Version 17
VisualStudioVersion = 17.5.33530.505
MinimumVisualStudioVersion = 10.0.40219.1
Project("{FAE04EC0-301F-11D3-BF4B-00C04F79EFBC}") = "String.Builder Class", "String.Builder Class.csproj", "{E6F20B04-DC12-4219-A6D4-ACD81E175644}"
EndProject
Global
	GlobalSection(SolutionConfigurationPlatforms) = preSolution
		Debug|Any CPU = Debug|Any CPU
		Release|Any CPU = Release|Any CPU
	EndGlobalSection
	GlobalSection(ProjectConfigurationPlatforms) = postSolution
		{E6F20B04-DC12-4219-A6D4-ACD81E175644}.Debug|Any CPU.ActiveCfg = Debug|Any CPU
		{E6F20B04-DC12-4219-A6D4-ACD81E175644}.Debug|Any CPU.Build.0 = Debug|Any CPU
		{E6F20B04-DC12-4219-A6D4-ACD81E175644}.Release|Any CPU.ActiveCfg = Release|Any CPU
		{E6F20B04-DC12-4219-A6D4-ACD81E175644}.Release|Any CPU.Build.0 = Release|Any CPU
	EndGlobalSection
	GlobalSection(SolutionProperties) = preSolution
		HideSolutionNode = FALSE
	EndGlobalSection
	GlobalSection(ExtensibilityGlobals) = postSolution
		SolutionGuid = {EE295A4B-BCD2-4410-A0F1-50BD56E1F620}
	EndGlobalSection
EndGlobal
